github.com/BurntSushi/toml v1.6.0 h1:dRaEfpa2VI55EwlIW72hMRHdWouJeRF7TPYhI+AUQjk=
github.com/BurntSushi/toml v1.6.0/go.mod h1:ukJfTF/6rtPPRCnwkur4qwRxa8vTRFBF0uk2lLoLwho=
github.com/alecthomas/assert/v2 v2.11.0 h1:2Q9r3ki8+JYXvGsDyBXwH3LcJ+WK5D0gc5E8vS6K3D0=
github.com/alecthomas/assert/v2 v2.11.0/go.mod h1:Bze95FyfUr7x34QZrjL+XP+0qgp/zg8yS+TtBj1WA3k=
github.com/alecthomas/kong v1.15.0 h1:BVJstKbpO73zKpmIu+m/aLRrNmWwxXPIGTNin9VmLVI=
github.com/alecthomas/kong v1.15.0/go.mod h1:wrlbXem1CWqUV5Vbmss5ISYhsVPkBb1Yo7YKJghju2I=
github.com/alecthomas/repr v0.5.2 h1:SU73FTI9D1P5UNtvseffFSGmdNci/O6RsqzeXJtP0Qs=
github.com/alecthomas/repr v0.5.2/go.mod h1:Fr0507jx4eOXV7AlPV6AVZLYrLIuIeSOWtW57eE/O/4=
github.com/aws/aws-sdk-go-v2 v1.41.11 h1:9PRf7jyTMEUM6fuNRAJa2mO/skJfrF50rENJwf2LXqw=
github.com/aws/aws-sdk-go-v2 v1.41.11/go.mod h1:iiUX27gOXRuYaoeUVXhUpPwjJHzISfPAjjcuhUbLSVs=
github.com/aws/aws-sdk-go-v2/aws/protocol/eventstream v1.7.12 h1:oRtsqWgxbpeXrOlxOoQStx2M9WNbIkPq4C4Xn1or6bc=
github.com/aws/aws-sdk-go-v2/aws/protocol/eventstream v1.7.12/go.mod h1:Zg0Oe9qT+9wcezlm1a64wGJp2qZdRElVxo/seJf7jYU=
github.com/aws/aws-sdk-go-v2/config v1.32.20 h1:8VMDnWc/kEzxsI/1ngGM9mG81a8IGmIHD8KLcYGwagc=
github.com/aws/aws-sdk-go-v2/config v1.32.20/go.mod h1:PuwEpciweIXGULWeOeSTXtSbH4CW9mWdWrhdCKQI1sM=
github.com/aws/aws-sdk-go-v2/credentials v1.19.19 h1:yuFzSV1U0aRNYCQGVaTY2zW2M/L93pYHnXnrJUphYhU=
github.com/aws/aws-sdk-go-v2/credentials v1.19.19/go.mod h1:7y63L1kGzeoDlJaQ3Z578KrnmfBut96JjvJUzGwR+YE=
github.com/aws/aws-sdk-go-v2/feature/ec2/imds v1.18.25 h1:0w6dCiO8iez+YKwRhRBlL1CH/E3GTfdkuzrwj1by8vo=
github.com/aws/aws-sdk-go-v2/feature/ec2/imds v1.18.25/go.mod h1:9FDWUothyr5RCRAHc45XOiVCzUR8n/IhCYX+uVqw6vk=
github.com/aws/aws-sdk-go-v2/feature/s3/manager v1.22.22 h1:eBnBL5sAT9aIg014yU6DG4YT/ov8r9jnOPW/t7rr8Ig=
github.com/aws/aws-sdk-go-v2/feature/s3/manager v1.22.22/go.mod h1:PjXTcjNr3cv5pfRG+PakZ9Yypx2vLRjCAcm1kEfHSjk=
github.com/aws/aws-sdk-go-v2/internal/configsources v1.4.27 h1:8sPbKi1/KRHwl5oR3qN9mUXestCeHuaRutxylnr/eVY=
github.com/aws/aws-sdk-go-v2/internal/configsources v1.4.27/go.mod h1:QV9IVIopJ1dpQUno0f9VYDUwOEjj8u0iEJ4JiZVre3Y=
github.com/aws/aws-sdk-go-v2/internal/endpoints/v2 v2.7.27 h1:9d8AoASQY9UwrOSmiJ7uSM0MGUPFhnenwSvpaFfat2c=
github.com/aws/aws-sdk-go-v2/internal/endpoints/v2 v2.7.27/go.mod h1:x0rldpsnUQaQIs4Rh+Vwm9Z/0vI6BxadGtsgJfZFb8s=
github.com/aws/aws-sdk-go-v2/internal/v4a v1.4.28 h1:eaS9vwQ5ym4Y9S6+G/K3d3lgZhxs9Sldcn/YS7cmdKY=
github.com/aws/aws-sdk-go-v2/internal/v4a v1.4.28/go.mod h1:oTdbDr+BMs7gAYrNpD0LDTyqQfv6yOYgTDv46+xbwFY=
github.com/aws/aws-sdk-go-v2/service/internal/accept-encoding v1.13.11 h1:rFSsqDfCMPAmG70JOsYqFZCHXkyatoGa1K4YEt/BggQ=
github.com/aws/aws-sdk-go-v2/service/internal/accept-encoding v1.13.11/go.mod h1:XG68qW+YLLFH0vnSDCou43Cgj5TeAG83O5NRSJgt04Y=
github.com/aws/aws-sdk-go-v2/service/internal/checksum v1.9.20 h1:yt2fjgev3Hqm33zPw0ZWtki3sZ0SLcr+PkuvXDAAf/8=
github.com/aws/aws-sdk-go-v2/service/internal/checksum v1.9.20/go.mod h1:wnPjCjPJ6x5GBhrER8f0QakaQ2LokfhCVYxmAZBpPjY=
github.com/aws/aws-sdk-go-v2/service/internal/presigned-url v1.13.27 h1:2/pUo42hhVmQcM21ttZoBOLHQymyUH8qEnZGTIuGBT8=
github.com/aws/aws-sdk-go-v2/service/internal/presigned-url v1.13.27/go.mod h1:p7hwgbwompjCRNTdB3ytlldddNt1rDBgVVMqWEVG1II=
github.com/aws/aws-sdk-go-v2/service/internal/s3shared v1.19.27 h1:JEXSW4wztrl1MoL5EMvJMO7lc/TRZloztrJKNl96SW8=
github.com/aws/aws-sdk-go-v2/service/internal/s3shared v1.19.27/go.mod h1:8eL+YgEqy6IYqjwW6PG0Ubn59a2xtCzbz7Pi18JBu04=
github.com/aws/aws-sdk-go-v2/service/s3 v1.103.1 h1:WkX5IXwcxgO/WPTvhEqoSW2L1GB1OyIxk0vuzzdTftc=
github.com/aws/aws-sdk-go-v2/service/s3 v1.103.1/go.mod h1:9Q9ZHyiTItraw8BXpO48pk398Mou0YCSI+xvFcaGgxU=
github.com/aws/aws-sdk-go-v2/service/signin v1.1.1 h1:1VwbP3qMNfxUDEXWki4rCE5iA+44VA1lokTz9HasGzw=
github.com/aws/aws-sdk-go-v2/service/signin v1.1.1/go.mod h1:vUtyoSj0OPji3kjIVSc/GlKuWEiL33f/WFxl6dmpy/A=
github.com/aws/aws-sdk-go-v2/service/sso v1.30.19 h1:N6pIsdFOW1Kd9S4KyFKXdGRBojPPxkP32+uHFWLv4Hc=
github.com/aws/aws-sdk-go-v2/service/sso v1.30.19/go.mod h1:3gt5WJArFooNmyLONS+h/R4J+o86II8du38IgCwj9dE=
github.com/aws/aws-sdk-go-v2/service/ssooidc v1.36.2 h1:hc+lBYiiTr8Zk4MTzIsQ92MeDWCIDvWGmzKUWOaBcOg=
github.com/aws/aws-sdk-go-v2/service/ssooidc v1.36.2/go.mod h1:hU6fqB3OJA6/ePheD47LQnxvjYk6br6PtQxs+Q9ojvk=
github.com/aws/aws-sdk-go-v2/service/sts v1.42.3 h1:ErklX/7uhSbkAAeyQD/Y1OoQ9hO3SJXQNEgksORW3Js=
github.com/aws/aws-sdk-go-v2/service/sts v1.42.3/go.mod h1:ULe4HCzfKPiR6R3HEurE3b1upEkuk8AkMrOKtaOxKO8=
github.com/aws/smithy-go v1.27.0 h1:ZoFioDKJxkSIW2otF9T0aPtNlUwhdVCcuZh/rzH9Hus=
github.com/aws/smithy-go v1.27.0/go.mod h1:YE2RhdIuDbA5E5bTdciG9KrW3+TiEONeUWCqxX9i1Fc=
github.com/dustin/go-humanize v1.0.1 h1:GzkhY7T5VNhEkwH0PVJgjz+fX1rhBrR7pRT3mDkpeCY=
github.com/dustin/go-humanize v1.0.1/go.mod h1:Mu1zIs6XwVuF/gI1OepvI0qD18qycQx+mFykh5fBlto=
github.com/google/go-cmp v0.7.0 h1:wk8382ETsv4JYUZwIsn6YpYiWiBsYLSJiTsyBybVuN8=
github.com/google/go-cmp v0.7.0/go.mod h1:pXiqmnSA92OHEEa9HXL2W4E7lf9JzCmGVUdgjX3N/iU=
github.com/hexops/gotextdiff v1.0.3 h1:gitA9+qJrrTCsiCl7+kh75nPqQt1cx4ZkudSTLoUqJM=
github.com/hexops/gotextdiff v1.0.3/go.mod h1:pSWU5MAI3yDq+fZBTazCSJysOMbxWL1BSow5/V2vxeg=
github.com/shoenig/test v1.13.2 h1:SaGxHxg7xkRuKuNtuFmHf0LgNGaAgcBT7HN4WHCKfqU=
github.com/shoenig/test v1.13.2/go.mod h1:MKmiRyEeuFl8y9PCoThaRDgYQZeWBhRQlH99poXz5LI=
golang.org/x/sync v0.20.0 h1:e0PTpb7pjO8GAtTs2dQ6jYa5BWYlMuX047Dco/pItO4=
golang.org/x/sync v0.20.0/go.mod h1:9xrNwdLfx4jkKbNva9FpL6vEN7evnE43NNNJQ2LF3+0=
golang.org/x/time v0.15.0 h1:bbrp8t3bGUeFOx08pvsMYRTCVSMk89u4tKbNOZbp88U=
golang.org/x/time v0.15.0/go.mod h1:Y4YMaQmXwGQZoFaVFk4YpCt4FLQMYKZe9oeV/f4MSno=
